
Microsoft Visual Studio Solution File, Format Version 12.00
# Visual Studio Version 16
VisualStudioVersion = 16.0.30204.135
MinimumVisualStudioVersion = 10.0.40219.1
Project("{8BC9CEB8-8B4A-11D0-8D11-00A0C91BC942}") = "Exercice1", "Exercice1\Exercice1.vcxproj", "{40DCE8EF-3A96-4682-96CA-ADF66648A5DE}"
EndProject
Global
	GlobalSection(SolutionConfigurationPlatforms) = preSolution
		Debug|x64 = Debug|x64
		Debug|x86 = Debug|x86
		Release|x64 = Release|x64
		Release|x86 = Release|x86
	EndGlobalSection
	GlobalSection(ProjectConfigurationPlatforms) = postSolution
		{40DCE8EF-3A96-4682-96CA-ADF66648A5DE}.Debug|x64.ActiveCfg = Debug|x64
		{40DCE8EF-3A96-4682-96CA-ADF66648A5DE}.Debug|x64.Build.0 = Debug|x64
		{40DCE8EF-3A96-4682-96CA-ADF66648A5DE}.Debug|x86.ActiveCfg = Debug|Win32
		{40DCE8EF-3A96-4682-96CA-ADF66648A5DE}.Debug|x86.Build.0 = Debug|Win32
		{40DCE8EF-3A96-4682-96CA-ADF66648A5DE}.Release|x64.ActiveCfg = Release|x64
		{40DCE8EF-3A96-4682-96CA-ADF66648A5DE}.Release|x64.Build.0 = Release|x64
		{40DCE8EF-3A96-4682-96CA-ADF66648A5DE}.Release|x86.ActiveCfg = Release|Win32
		{40DCE8EF-3A96-4682-96CA-ADF66648A5DE}.Release|x86.Build.0 = Release|Win32
	EndGlobalSection
	GlobalSection(SolutionProperties) = preSolution
		HideSolutionNode = FALSE
	EndGlobalSection
	GlobalSection(ExtensibilityGlobals) = postSolution
		SolutionGuid = {05CE4950-29DB-4451-BF5B-9C41A0330FF7}
	EndGlobalSection
EndGlobal
